
Microsoft Visual Studio Solution File, Format Version 12.00
# Visual Studio Version 17
VisualStudioVersion = 17.3.32929.385
MinimumVisualStudioVersion = 10.0.40219.1
Project("{FAE04EC0-301F-11D3-BF4B-00C04F79EFBC}") = "WordPad", "WordPad\WordPad.csproj", "{76995C5E-5599-45E6-AF3E-4C08004F5C78}"
EndProject
Global
	GlobalSection(SolutionConfigurationPlatforms) = preSolution
		Debug|Any CPU = Debug|Any CPU
		Release|Any CPU = Release|Any CPU
	EndGlobalSection
	GlobalSection(ProjectConfigurationPlatforms) = postSolution
		{76995C5E-5599-45E6-AF3E-4C08004F5C78}.Debug|Any CPU.ActiveCfg = Debug|Any CPU
		{76995C5E-5599-45E6-AF3E-4C08004F5C78}.Debug|Any CPU.Build.0 = Debug|Any CPU
		{76995C5E-5599-45E6-AF3E-4C08004F5C78}.Release|Any CPU.ActiveCfg = Release|Any CPU
		{76995C5E-5599-45E6-AF3E-4C08004F5C78}.Release|Any CPU.Build.0 = Release|Any CPU
	EndGlobalSection
	GlobalSection(SolutionProperties) = preSolution
		HideSolutionNode = FALSE
	EndGlobalSection
	GlobalSection(ExtensibilityGlobals) = postSolution
		SolutionGuid = {0D0663C3-DC99-42A5-85A0-861C4434BC4C}
	EndGlobalSection
EndGlobal
